
Microsoft Visual Studio Solution File, Format Version 12.00
# Visual Studio Version 16
VisualStudioVersion = 16.0.29306.81
MinimumVisualStudioVersion = 10.0.40219.1
Project("{8BC9CEB8-8B4A-11D0-8D11-00A0C91BC942}") = "18120544_18120521_Toan", "18120544_18120521_Toan\18120544_18120521_Toan.vcxproj", "{3BB823F5-C994-495F-AB3B-70E563E9BECB}"
EndProject
Global
	GlobalSection(SolutionConfigurationPlatforms) = preSolution
		Debug|x64 = Debug|x64
		Debug|x86 = Debug|x86
		Release|x64 = Release|x64
		Release|x86 = Release|x86
	EndGlobalSection
	GlobalSection(ProjectConfigurationPlatforms) = postSolution
		{3BB823F5-C994-495F-AB3B-70E563E9BECB}.Debug|x64.ActiveCfg = Debug|x64
		{3BB823F5-C994-495F-AB3B-70E563E9BECB}.Debug|x64.Build.0 = Debug|x64
		{3BB823F5-C994-495F-AB3B-70E563E9BECB}.Debug|x86.ActiveCfg = Debug|Win32
		{3BB823F5-C994-495F-AB3B-70E563E9BECB}.Debug|x86.Build.0 = Debug|Win32
		{3BB823F5-C994-495F-AB3B-70E563E9BECB}.Release|x64.ActiveCfg = Release|x64
		{3BB823F5-C994-495F-AB3B-70E563E9BECB}.Release|x64.Build.0 = Release|x64
		{3BB823F5-C994-495F-AB3B-70E563E9BECB}.Release|x86.ActiveCfg = Release|Win32
		{3BB823F5-C994-495F-AB3B-70E563E9BECB}.Release|x86.Build.0 = Release|Win32
	EndGlobalSection
	GlobalSection(SolutionProperties) = preSolution
		HideSolutionNode = FALSE
	EndGlobalSection
	GlobalSection(ExtensibilityGlobals) = postSolution
		SolutionGuid = {2DA350AE-5B7C-4208-9396-4EDA0351D7BE}
	EndGlobalSection
EndGlobal
